
Microsoft Visual Studio Solution File, Format Version 12.00
# Visual Studio Version 17
VisualStudioVersion = 17.10.35004.147
MinimumVisualStudioVersion = 10.0.40219.1
Project("{9A19103F-16F7-4668-BE54-9A1E7A4F7556}") = "ProConsulta", "ProConsulta\ProConsulta.csproj", "{05B51BB7-09CD-4BC7-94A2-997A874F8C7C}"
EndProject
Global
	GlobalSection(SolutionConfigurationPlatforms) = preSolution
		Debug|Any CPU = Debug|Any CPU
		Release|Any CPU = Release|Any CPU
	EndGlobalSection
	GlobalSection(ProjectConfigurationPlatforms) = postSolution
		{05B51BB7-09CD-4BC7-94A2-997A874F8C7C}.Debug|Any CPU.ActiveCfg = Debug|Any CPU
		{05B51BB7-09CD-4BC7-94A2-997A874F8C7C}.Debug|Any CPU.Build.0 = Debug|Any CPU
		{05B51BB7-09CD-4BC7-94A2-997A874F8C7C}.Release|Any CPU.ActiveCfg = Release|Any CPU
		{05B51BB7-09CD-4BC7-94A2-997A874F8C7C}.Release|Any CPU.Build.0 = Release|Any CPU
	EndGlobalSection
	GlobalSection(SolutionProperties) = preSolution
		HideSolutionNode = FALSE
	EndGlobalSection
	GlobalSection(ExtensibilityGlobals) = postSolution
		SolutionGuid = {F0707908-CFA3-4454-BF3D-AA4AA0D84302}
	EndGlobalSection
EndGlobal
